
Microsoft Visual Studio Solution File, Format Version 12.00
# Visual Studio Version 17
VisualStudioVersion = 17.9.34902.65
MinimumVisualStudioVersion = 10.0.40219.1
Project("{FAE04EC0-301F-11D3-BF4B-00C04F79EFBC}") = "Numerical-Methods-Lab5-Additional", "Numerical-Methods-Lab5-Additional.csproj", "{54C5AD4E-C356-4922-8276-3AE520F5B74F}"
EndProject
Global
	GlobalSection(SolutionConfigurationPlatforms) = preSolution
		Debug|Any CPU = Debug|Any CPU
		Release|Any CPU = Release|Any CPU
	EndGlobalSection
	GlobalSection(ProjectConfigurationPlatforms) = postSolution
		{54C5AD4E-C356-4922-8276-3AE520F5B74F}.Debug|Any CPU.ActiveCfg = Debug|Any CPU
		{54C5AD4E-C356-4922-8276-3AE520F5B74F}.Debug|Any CPU.Build.0 = Debug|Any CPU
		{54C5AD4E-C356-4922-8276-3AE520F5B74F}.Release|Any CPU.ActiveCfg = Release|Any CPU
		{54C5AD4E-C356-4922-8276-3AE520F5B74F}.Release|Any CPU.Build.0 = Release|Any CPU
	EndGlobalSection
	GlobalSection(SolutionProperties) = preSolution
		HideSolutionNode = FALSE
	EndGlobalSection
	GlobalSection(ExtensibilityGlobals) = postSolution
		SolutionGuid = {E86CAF21-5989-432D-A8CD-7B72D89EA2EE}
	EndGlobalSection
EndGlobal
